
Microsoft Visual Studio Solution File, Format Version 12.00
# Visual Studio Version 17
VisualStudioVersion = 17.8.34511.84
MinimumVisualStudioVersion = 10.0.40219.1
Project("{9A19103F-16F7-4668-BE54-9A1E7A4F7556}") = "CarNumberRegionsTgBot", "CarNumberRegionsTgBot\CarNumberRegionsTgBot.csproj", "{FC05A0B1-A485-432F-BEE4-21D425964707}"
EndProject
Global
	GlobalSection(SolutionConfigurationPlatforms) = preSolution
		Debug|Any CPU = Debug|Any CPU
		Release|Any CPU = Release|Any CPU
	EndGlobalSection
	GlobalSection(ProjectConfigurationPlatforms) = postSolution
		{FC05A0B1-A485-432F-BEE4-21D425964707}.Debug|Any CPU.ActiveCfg = Debug|Any CPU
		{FC05A0B1-A485-432F-BEE4-21D425964707}.Debug|Any CPU.Build.0 = Debug|Any CPU
		{FC05A0B1-A485-432F-BEE4-21D425964707}.Release|Any CPU.ActiveCfg = Release|Any CPU
		{FC05A0B1-A485-432F-BEE4-21D425964707}.Release|Any CPU.Build.0 = Release|Any CPU
	EndGlobalSection
	GlobalSection(SolutionProperties) = preSolution
		HideSolutionNode = FALSE
	EndGlobalSection
	GlobalSection(ExtensibilityGlobals) = postSolution
		SolutionGuid = {FBE0C553-2BF7-49DF-B22A-9F0D9B3E4110}
	EndGlobalSection
EndGlobal
